
Microsoft Visual Studio Solution File, Format Version 12.00
# Visual Studio Version 17
VisualStudioVersion = 17.14.36221.1
MinimumVisualStudioVersion = 10.0.40219.1
Project("{FAE04EC0-301F-11D3-BF4B-00C04F79EFBC}") = "PowerPointApp.Mvc", "PowerPointApp.Mvc\PowerPointApp.Mvc.csproj", "{1B2DC707-6C17-4654-B95D-E23482C3F8F7}"
EndProject
Project("{FAE04EC0-301F-11D3-BF4B-00C04F79EFBC}") = "PowerPointLibrary", "PowerPointLibrary\PowerPointLibrary.csproj", "{0E0F51DE-E34F-4CF4-A105-5CB37A3ABF07}"
EndProject
Project("{FAE04EC0-301F-11D3-BF4B-00C04F79EFBC}") = "PowerPointApp.Core", "PowerPointApp.Core\PowerPointApp.Core.csproj", "{3832D53A-C3A6-4BFA-A23D-C157E42FA934}"
EndProject
Global
	GlobalSection(SolutionConfigurationPlatforms) = preSolution
		Debug|Any CPU = Debug|Any CPU
		Release|Any CPU = Release|Any CPU
	EndGlobalSection
	GlobalSection(ProjectConfigurationPlatforms) = postSolution
		{1B2DC707-6C17-4654-B95D-E23482C3F8F7}.Debug|Any CPU.ActiveCfg = Debug|Any CPU
		{1B2DC707-6C17-4654-B95D-E23482C3F8F7}.Debug|Any CPU.Build.0 = Debug|Any CPU
		{1B2DC707-6C17-4654-B95D-E23482C3F8F7}.Release|Any CPU.ActiveCfg = Release|Any CPU
		{1B2DC707-6C17-4654-B95D-E23482C3F8F7}.Release|Any CPU.Build.0 = Release|Any CPU
		{0E0F51DE-E34F-4CF4-A105-5CB37A3ABF07}.Debug|Any CPU.ActiveCfg = Debug|Any CPU
		{0E0F51DE-E34F-4CF4-A105-5CB37A3ABF07}.Debug|Any CPU.Build.0 = Debug|Any CPU
		{0E0F51DE-E34F-4CF4-A105-5CB37A3ABF07}.Release|Any CPU.ActiveCfg = Release|Any CPU
		{0E0F51DE-E34F-4CF4-A105-5CB37A3ABF07}.Release|Any CPU.Build.0 = Release|Any CPU
		{3832D53A-C3A6-4BFA-A23D-C157E42FA934}.Debug|Any CPU.ActiveCfg = Debug|Any CPU
		{3832D53A-C3A6-4BFA-A23D-C157E42FA934}.Debug|Any CPU.Build.0 = Debug|Any CPU
		{3832D53A-C3A6-4BFA-A23D-C157E42FA934}.Release|Any CPU.ActiveCfg = Release|Any CPU
		{3832D53A-C3A6-4BFA-A23D-C157E42FA934}.Release|Any CPU.Build.0 = Release|Any CPU
	EndGlobalSection
	GlobalSection(SolutionProperties) = preSolution
		HideSolutionNode = FALSE
	EndGlobalSection
	GlobalSection(ExtensibilityGlobals) = postSolution
		SolutionGuid = {6F51470D-1D04-44DA-9D88-94B154BF3D25}
	EndGlobalSection
EndGlobal
