
Microsoft Visual Studio Solution File, Format Version 12.00
# Visual Studio Version 17
VisualStudioVersion = 17.13.35825.156 d17.13
MinimumVisualStudioVersion = 10.0.40219.1
Project("{FAE04EC0-301F-11D3-BF4B-00C04F79EFBC}") = "OfficeAppLibrary", "OfficeAppLibrary\OfficeAppLibrary.csproj", "{9B0883A8-A0A9-40AF-96A1-86661B3C997F}"
EndProject
Project("{FAE04EC0-301F-11D3-BF4B-00C04F79EFBC}") = "OfficeApp.Core", "OfficeApp.Core\OfficeApp.Core.csproj", "{0DEF134A-7177-48AB-851F-F9B90E2D33BD}"
EndProject
Project("{FAE04EC0-301F-11D3-BF4B-00C04F79EFBC}") = "OfficeApp.Mvc", "OfficeApp.Mvc\OfficeApp.Mvc.csproj", "{A6ADC581-1FD8-427B-87B4-DB079DFB8DC7}"
EndProject
Global
	GlobalSection(SolutionConfigurationPlatforms) = preSolution
		Debug|Any CPU = Debug|Any CPU
		Release|Any CPU = Release|Any CPU
	EndGlobalSection
	GlobalSection(ProjectConfigurationPlatforms) = postSolution
		{9B0883A8-A0A9-40AF-96A1-86661B3C997F}.Debug|Any CPU.ActiveCfg = Debug|Any CPU
		{9B0883A8-A0A9-40AF-96A1-86661B3C997F}.Debug|Any CPU.Build.0 = Debug|Any CPU
		{9B0883A8-A0A9-40AF-96A1-86661B3C997F}.Release|Any CPU.ActiveCfg = Release|Any CPU
		{9B0883A8-A0A9-40AF-96A1-86661B3C997F}.Release|Any CPU.Build.0 = Release|Any CPU
		{0DEF134A-7177-48AB-851F-F9B90E2D33BD}.Debug|Any CPU.ActiveCfg = Debug|Any CPU
		{0DEF134A-7177-48AB-851F-F9B90E2D33BD}.Debug|Any CPU.Build.0 = Debug|Any CPU
		{0DEF134A-7177-48AB-851F-F9B90E2D33BD}.Release|Any CPU.ActiveCfg = Release|Any CPU
		{0DEF134A-7177-48AB-851F-F9B90E2D33BD}.Release|Any CPU.Build.0 = Release|Any CPU
		{A6ADC581-1FD8-427B-87B4-DB079DFB8DC7}.Debug|Any CPU.ActiveCfg = Debug|Any CPU
		{A6ADC581-1FD8-427B-87B4-DB079DFB8DC7}.Debug|Any CPU.Build.0 = Debug|Any CPU
		{A6ADC581-1FD8-427B-87B4-DB079DFB8DC7}.Release|Any CPU.ActiveCfg = Release|Any CPU
		{A6ADC581-1FD8-427B-87B4-DB079DFB8DC7}.Release|Any CPU.Build.0 = Release|Any CPU
	EndGlobalSection
	GlobalSection(SolutionProperties) = preSolution
		HideSolutionNode = FALSE
	EndGlobalSection
	GlobalSection(ExtensibilityGlobals) = postSolution
		SolutionGuid = {6C72D9A4-0FDC-4762-9A65-6D0B1F01F502}
	EndGlobalSection
EndGlobal
